{
  "version": 4,
  "terraform_version": "0.14.5",
  "serial": 178,
  "lineage": "984be3e0-8551-54e7-bab6-e0af512be127",
  "outputs": {
    "alb_dns_name": {
      "value": "swaps-api-load-balancer-1281386600.eu-west-2.elb.amazonaws.com",
      "type": "string"
    },
    "asg_name": {
      "value": "fs_swaps_asg",
      "type": "string"
    }
  },
  "resources": [
    {
      "mode": "data",
      "type": "aws_subnet_ids",
      "name": "all",
      "provider": "provider[\"registry.terraform.io/hashicorp/aws\"]",
      "instances": [
        {
          "schema_version": 0,
          "attributes": {
            "filter": null,
            "id": "vpc-09d43583fe08a3835",
            "ids": [
              "subnet-09eb4f8253d10cbd3",
              "subnet-0b91c9993d40c17a0",
              "subnet-0c70cf70402b7cee4",
              "subnet-0dcca9d1159599f7c"
            ],
            "tags": null,
            "vpc_id": "vpc-09d43583fe08a3835"
          },
          "sensitive_attributes": []
        }
      ]
    },
    {
      "mode": "data",
      "type": "aws_subnet_ids",
      "name": "private",
      "provider": "provider[\"registry.terraform.io/hashicorp/aws\"]",
      "instances": [
        {
          "schema_version": 0,
          "attributes": {
            "filter": [
              {
                "name": "tag:Type",
                "values": [
                  "private"
                ]
              }
            ],
            "id": "vpc-09d43583fe08a3835",
            "ids": [
              "subnet-09eb4f8253d10cbd3",
              "subnet-0dcca9d1159599f7c"
            ],
            "tags": null,
            "vpc_id": "vpc-09d43583fe08a3835"
          },
          "sensitive_attributes": []
        }
      ]
    },
    {
      "mode": "data",
      "type": "aws_subnet_ids",
      "name": "public",
      "provider": "provider[\"registry.terraform.io/hashicorp/aws\"]",
      "instances": [
        {
          "schema_version": 0,
          "attributes": {
            "filter": [
              {
                "name": "tag:Type",
                "values": [
                  "public"
                ]
              }
            ],
            "id": "vpc-09d43583fe08a3835",
            "ids": [
              "subnet-0b91c9993d40c17a0",
              "subnet-0c70cf70402b7cee4"
            ],
            "tags": null,
            "vpc_id": "vpc-09d43583fe08a3835"
          },
          "sensitive_attributes": []
        }
      ]
    },
    {
      "mode": "data",
      "type": "aws_vpc",
      "name": "swaps_api_vpc",
      "provider": "provider[\"registry.terraform.io/hashicorp/aws\"]",
      "instances": [
        {
          "schema_version": 0,
          "attributes": {
            "arn": "arn:aws:ec2:eu-west-2:422072214762:vpc/vpc-09d43583fe08a3835",
            "cidr_block": "180.10.0.0/16",
            "cidr_block_associations": [
              {
                "association_id": "vpc-cidr-assoc-0f2abf58f54924596",
                "cidr_block": "180.10.0.0/16",
                "state": "associated"
              }
            ],
            "default": false,
            "dhcp_options_id": "dopt-6533790d",
            "enable_dns_hostnames": true,
            "enable_dns_support": true,
            "filter": null,
            "id": "vpc-09d43583fe08a3835",
            "instance_tenancy": "default",
            "ipv6_association_id": "vpc-cidr-assoc-0773f3d7f8a61de69",
            "ipv6_cidr_block": "2a05:d01c:b19:dd00::/56",
            "main_route_table_id": "rtb-0fc3519f79d51e114",
            "owner_id": "422072214762",
            "state": "available",
            "tags": {
              "Creator": "Terraform",
              "Environment": "stg",
              "Name": "phe-stg-vpc",
              "Namespace": "phe",
              "Stage": "stg"
            }
          },
          "sensitive_attributes": []
        }
      ]
    },
    {
      "mode": "data",
      "type": "template_file",
      "name": "compute_instance_user_data",
      "provider": "provider[\"registry.terraform.io/hashicorp/template\"]",
      "instances": [
        {
          "schema_version": 0,
          "attributes": {
            "filename": null,
            "id": "f721b2c6ce305554810ca4d212b8df1d89daa4c60839c1cf7ef7157619760c0c",
            "rendered": "#cloud-config\n\npackages:\n  - docker.io\n\n# create the docker group\ngroups:\n  - docker\n\nusers:\n  - name: ubuntu\n    groups: docker\n    home: /home/ubuntu\n    shell: /bin/bash\n    sudo: ALL=(ALL) NOPASSWD:ALL\n    ssh-authorized-keys:\n      - ssh-rsa AAAAB3NzaC1yc2EAAAADAQABAAABgQCo2RT8w6c06htMX//5jibwyOOiFtbuUYQGsoWoM9+5Bvyl2VeuCx++wJtUnQ2KfXwqtD9mfJ/HMBldklyWZNZQcmiuZSJTo1+4TZFuxVZtYbtFDEZfBRe0yFY7GVmUDJb7D+HlC+ZUYPF4O7qk6Qi9jSO9Imxn+6MEUjaQ4yMtSbXjewwem/tJoCMl5Lu5JrbB3Aw5h1uJoEI3Z3Irkpv8wWyX7tlraQJ236o4rq3KCQlqSfayuhPskoJT47yUv+SagIMLya3K/+od/P7anRdAmObzm7ZH+UhPLcXIZDwZtrXm15yyH0MpPG/VYzTx82/z8jXmVbadY627Xx3ipKQp2mgjlIWHCi2Px7NNw8HhOxhPTyxpeiyDtGb6OPxxxeaj68gylOlb3KNZq/GOGuMkecVIXAsaSY9GUiJ4wJuoIyb3Ioi8DP8Lj7cb45e8EqWK9RRyuUZlcWoLHLtG6Ctj854PC7C254PKnS3gdqYncm5NPtEWezNGeQAXW1bAZyk= mehuljamod@PHE-DIG-WS-02.local\n\n# Add default auto created user to docker group\nsystem_info:\n  default_user:\n    groups: [docker]\n\n# Need to create the cron files here instead of inside write_files, otherwise get issues with it wanting to shutdown during setup.\n# https://docs.docker.com/engine/reference/commandline/login/\nruncmd:\n  - sudo apt update\n  - sudo apt upgrade -y\n  - sudo apt install curl unzip -y\n  - curl \"https://awscli.amazonaws.com/awscli-exe-linux-x86_64.zip\" -o \"awscliv2.zip\"\n  - unzip awscliv2.zip\n  - sudo ./aws/install -i /usr/local/aws-cli -b /usr/local/bin\n  - aws configure set aws_access_key_id AKIAWERLW4TVOL7ZIRHK\n  - aws configure set aws_secret_access_key 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\n  - aws configure set default.region eu-west-2\n  - aws ecr get-login-password --region eu-west-2 | docker login --username AWS --password-stdin 422072214762.dkr.ecr.eu-west-2.amazonaws.com\n  - docker pull 422072214762.dkr.ecr.eu-west-2.amazonaws.com/swaps-cache-builder-stg:latest\n  - echo 'docker run  -e \"SWAPS_CACHE_DB_HOST=stggateway.phedigital.co.uk\" -e \"SWAPS_CACHE_DB_NAME=fs_swaps_db\" -e \"SWAPS_CACHE_DB_USER=admin\" -e \"SWAPS_CACHE_DB_PASSWORD=327qvOzzM3lTzuzlb9bNOli1tl7\" -e \"SWAPS_CACHE_DB_PORT=2003\" -e \"ETL_DB_HOST=stggateway.phedigital.co.uk\" -e \"ETL_DB_NAME=stg_fsmodeldb\" -e \"ETL_DB_USER=admin\" -e \"ETL_DB_PASSWORD=T7qtNAuecT4DcDHEjHAw28VGNu\" -e \"ETL_DB_PORT=2001\" -e \"ETL_TABLE_NAME=food_consolidated\" -e \"S3_IMAGE_BUCKET_KEY=AKIAWERLW4TVOL7ZIRHK\" -e \"S3_IMAGE_BUCKET_SECRET=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\" -e \"S3_IMAGE_BUCKET_NAME=phe-stg-foodscanner-swaplogic-images\" -e \"S3_IMAGE_BUCKET_PATH=/\" -e \"COMPRESSED_IMAGE_QUALITY=60\" -e \"ML_ALGORITHM=both\" -v product-images:/root/product-images 422072214762.dkr.ecr.eu-west-2.amazonaws.com/swaps-cache-builder-stg:latest' \u003e /root/run-compute-engine.sh\n  - echo \"@reboot /bin/bash /root/run-compute-engine.sh || true \u0026\u0026 /usr/sbin/shutdown -h now 2\u003e /root/errors.log\\n\" \u003e /root/cron.conf\n  - crontab /root/cron.conf\n  - rm /root/cron.conf\n  - shutdown -h now",
            "template": "#cloud-config\n\npackages:\n  - docker.io\n\n# create the docker group\ngroups:\n  - docker\n\nusers:\n  - name: ubuntu\n    groups: docker\n    home: /home/ubuntu\n    shell: /bin/bash\n    sudo: ALL=(ALL) NOPASSWD:ALL\n    ssh-authorized-keys:\n      - ${ssh_public_key}\n\n# Add default auto created user to docker group\nsystem_info:\n  default_user:\n    groups: [docker]\n\n# Need to create the cron files here instead of inside write_files, otherwise get issues with it wanting to shutdown during setup.\n# https://docs.docker.com/engine/reference/commandline/login/\nruncmd:\n  - sudo apt update\n  - sudo apt upgrade -y\n  - sudo apt install curl unzip -y\n  - curl \"https://awscli.amazonaws.com/awscli-exe-linux-x86_64.zip\" -o \"awscliv2.zip\"\n  - unzip awscliv2.zip\n  - sudo ./aws/install -i /usr/local/aws-cli -b /usr/local/bin\n  - aws configure set aws_access_key_id ${iam_ecr_key}\n  - aws configure set aws_secret_access_key ${iam_ecr_secret}\n  - aws configure set default.region eu-west-2\n  - aws ecr get-login-password --region eu-west-2 | docker login --username AWS --password-stdin ${docker_registry}\n  - docker pull ${docker_image_name}\n  - echo 'docker run  -e \"SWAPS_CACHE_DB_HOST=${swaps_database_host}\" -e \"SWAPS_CACHE_DB_NAME=${swaps_database_name}\" -e \"SWAPS_CACHE_DB_USER=${swaps_database_username}\" -e \"SWAPS_CACHE_DB_PASSWORD=${swaps_database_password}\" -e \"SWAPS_CACHE_DB_PORT=${swaps_database_port}\" -e \"ETL_DB_HOST=${etl_database_host}\" -e \"ETL_DB_NAME=${etl_database_name}\" -e \"ETL_DB_USER=${etl_database_username}\" -e \"ETL_DB_PASSWORD=${etl_database_password}\" -e \"ETL_DB_PORT=${etl_database_port}\" -e \"ETL_TABLE_NAME=${etl_database_table}\" -e \"S3_IMAGE_BUCKET_KEY=${s3_image_bucket_key}\" -e \"S3_IMAGE_BUCKET_SECRET=${s3_image_bucket_secret}\" -e \"S3_IMAGE_BUCKET_NAME=${s3_image_bucket_name}\" -e \"S3_IMAGE_BUCKET_PATH=${s3_image_bucket_path}\" -e \"COMPRESSED_IMAGE_QUALITY=${compressed_image_quality}\" -e \"ML_ALGORITHM=${machine_learning_algorithm}\" -v product-images:/root/product-images ${docker_image_name}' \u003e /root/run-compute-engine.sh\n  - echo \"@reboot /bin/bash /root/run-compute-engine.sh || true \u0026\u0026 /usr/sbin/shutdown -h now 2\u003e /root/errors.log\\n\" \u003e /root/cron.conf\n  - crontab /root/cron.conf\n  - rm /root/cron.conf\n  - shutdown -h now",
            "vars": {
              "compressed_image_quality": "60",
              "docker_image_name": "422072214762.dkr.ecr.eu-west-2.amazonaws.com/swaps-cache-builder-stg:latest",
              "docker_registry": "422072214762.dkr.ecr.eu-west-2.amazonaws.com",
              "etl_database_host": "stggateway.phedigital.co.uk",
              "etl_database_name": "stg_fsmodeldb",
              "etl_database_password": "T7qtNAuecT4DcDHEjHAw28VGNu",
              "etl_database_port": "2001",
              "etl_database_table": "food_consolidated",
              "etl_database_username": "admin",
              "iam_ecr_key": "AKIAWERLW4TVOL7ZIRHK",
              "iam_ecr_secret": "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",
              "machine_learning_algorithm": "both",
              "s3_image_bucket_key": "AKIAWERLW4TVOL7ZIRHK",
              "s3_image_bucket_name": "phe-stg-foodscanner-swaplogic-images",
              "s3_image_bucket_path": "/",
              "s3_image_bucket_secret": "b6d8OrxS7yBzNvrJSVeOZOmutpGojmbGSbw+7i52",
              "ssh_public_key": "ssh-rsa AAAAB3NzaC1yc2EAAAADAQABAAABgQCo2RT8w6c06htMX//5jibwyOOiFtbuUYQGsoWoM9+5Bvyl2VeuCx++wJtUnQ2KfXwqtD9mfJ/HMBldklyWZNZQcmiuZSJTo1+4TZFuxVZtYbtFDEZfBRe0yFY7GVmUDJb7D+HlC+ZUYPF4O7qk6Qi9jSO9Imxn+6MEUjaQ4yMtSbXjewwem/tJoCMl5Lu5JrbB3Aw5h1uJoEI3Z3Irkpv8wWyX7tlraQJ236o4rq3KCQlqSfayuhPskoJT47yUv+SagIMLya3K/+od/P7anRdAmObzm7ZH+UhPLcXIZDwZtrXm15yyH0MpPG/VYzTx82/z8jXmVbadY627Xx3ipKQp2mgjlIWHCi2Px7NNw8HhOxhPTyxpeiyDtGb6OPxxxeaj68gylOlb3KNZq/GOGuMkecVIXAsaSY9GUiJ4wJuoIyb3Ioi8DP8Lj7cb45e8EqWK9RRyuUZlcWoLHLtG6Ctj854PC7C254PKnS3gdqYncm5NPtEWezNGeQAXW1bAZyk= mehuljamod@PHE-DIG-WS-02.local",
              "swaps_database_host": "stggateway.phedigital.co.uk",
              "swaps_database_name": "fs_swaps_db",
              "swaps_database_password": "327qvOzzM3lTzuzlb9bNOli1tl7",
              "swaps_database_port": "2003",
              "swaps_database_username": "admin"
            }
          },
          "sensitive_attributes": []
        }
      ]
    },
    {
      "mode": "data",
      "type": "template_file",
      "name": "user_data",
      "provider": "provider[\"registry.terraform.io/hashicorp/template\"]",
      "instances": [
        {
          "schema_version": 0,
          "attributes": {
            "filename": null,
            "id": "cddc0637d8cbee5b2e17a0702309beb83ce56dda1e643bbadb90f214be4eef05",
            "rendered": "#cloud-config\n\npackages:\n  - docker.io\n\n# create the docker group\ngroups:\n  - docker\n  \nusers:\n  - name: ubuntu\n    groups: docker\n    home: /home/ubuntu\n    shell: /bin/bash\n    sudo: ALL=(ALL) NOPASSWD:ALL\n    ssh-authorized-keys:\n      - ssh-rsa AAAAB3NzaC1yc2EAAAADAQABAAABgQCo2RT8w6c06htMX//5jibwyOOiFtbuUYQGsoWoM9+5Bvyl2VeuCx++wJtUnQ2KfXwqtD9mfJ/HMBldklyWZNZQcmiuZSJTo1+4TZFuxVZtYbtFDEZfBRe0yFY7GVmUDJb7D+HlC+ZUYPF4O7qk6Qi9jSO9Imxn+6MEUjaQ4yMtSbXjewwem/tJoCMl5Lu5JrbB3Aw5h1uJoEI3Z3Irkpv8wWyX7tlraQJ236o4rq3KCQlqSfayuhPskoJT47yUv+SagIMLya3K/+od/P7anRdAmObzm7ZH+UhPLcXIZDwZtrXm15yyH0MpPG/VYzTx82/z8jXmVbadY627Xx3ipKQp2mgjlIWHCi2Px7NNw8HhOxhPTyxpeiyDtGb6OPxxxeaj68gylOlb3KNZq/GOGuMkecVIXAsaSY9GUiJ4wJuoIyb3Ioi8DP8Lj7cb45e8EqWK9RRyuUZlcWoLHLtG6Ctj854PC7C254PKnS3gdqYncm5NPtEWezNGeQAXW1bAZyk= mehuljamod@PHE-DIG-WS-02.local\n\n# Add default auto created user to docker group\nsystem_info:\n  default_user:\n    groups: [docker]\n\n# https://docs.docker.com/engine/reference/commandline/login/\nruncmd:\n  - sudo apt update\n  - sudo apt upgrade -y\n  - sudo apt install curl unzip -y\n  - curl \"https://awscli.amazonaws.com/awscli-exe-linux-x86_64.zip\" -o \"awscliv2.zip\"\n  - unzip awscliv2.zip\n  - sudo ./aws/install -i /usr/local/aws-cli -b /usr/local/bin\n  - aws configure set aws_access_key_id AKIAWERLW4TVOL7ZIRHK\n  - aws configure set aws_secret_access_key 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\n  - aws configure set default.region eu-west-2\n  - aws ecr get-login-password --region eu-west-2 | docker login --username AWS --password-stdin 422072214762.dkr.ecr.eu-west-2.amazonaws.com\n  - docker pull 422072214762.dkr.ecr.eu-west-2.amazonaws.com/swaps-api-stg:latest\n  - \u003e-\n    docker run --restart=always \n    -p=80:80 \n    -e \"SWAPS_DB_HOST=stggateway.phedigital.co.uk\" \n    -e \"SWAPS_DB_DATABASE=fs_swaps_db\" \n    -e \"SWAPS_DB_USER=admin\" \n    -e \"SWAPS_DB_PASSWORD=327qvOzzM3lTzuzlb9bNOli1tl7\" \n    -e \"SWAPS_DB_PORT=2003\" \n    -e \"FOOD_DB_HOST=stggateway.phedigital.co.uk\" \n    -e \"FOOD_DB_DATABASE=stg_phefs\" \n    -e \"FOOD_DB_USER=admin\" \n    -e \"FOOD_DB_PASSWORD=T7qtNAuecT4DcDHEjHAw28VGNu\" \n    -e \"FOOD_DB_PORT=2001\" \n    -e \"FOOD_DB_TABLE=f_food\" \n    -e \"FOOD_BRANDBANK_TABLE_NAME=f_food_bb\" \n    -e \"FOOD_TRAFFIC_LIGHTS_TABLE_NAME=f_trafficlights\" \n    -e \"ETL_DB_HOST=stggateway.phedigital.co.uk\" \n    -e \"ETL_DB_DATABASE=stg_fsmodeldb\" \n    -e \"ETL_DB_USER=admin\" \n    -e \"ETL_DB_PASSWORD=T7qtNAuecT4DcDHEjHAw28VGNu\" \n    -e \"ETL_DB_PORT=2001\" \n    -e \"ETL_DB_TABLE=food_consolidated\" \n    -e \"X_AUTH_TOKEN=3dTXZdl67jE0YnFXK3HJgchZztgjSYBRrWibv0ekSPCyEtf7smFRD0hRkbWh\" \n    -e \"X_APP_AUTH_TOKEN=ej192L2e7eOWE1AiK5sOCMpEqREpHVOFfbsCHxtkSg9yU81dKiVYAD9K7GGt\" \n    -e \"AWS_EC2_KEY=AKIAWERLW4TVOL7ZIRHK\" \n    -e \"AWS_EC2_SECRET=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\" \n    -e \"COMPUTE_INSTANCE_ID=i-03304adc51d919567\" \n    -e \"EC2_REGION=eu-west-2\" \n    422072214762.dkr.ecr.eu-west-2.amazonaws.com/swaps-api-stg:latest\n",
            "template": "#cloud-config\n\npackages:\n  - docker.io\n\n# create the docker group\ngroups:\n  - docker\n  \nusers:\n  - name: ubuntu\n    groups: docker\n    home: /home/ubuntu\n    shell: /bin/bash\n    sudo: ALL=(ALL) NOPASSWD:ALL\n    ssh-authorized-keys:\n      - ${ssh_public_key}\n\n# Add default auto created user to docker group\nsystem_info:\n  default_user:\n    groups: [docker]\n\n# https://docs.docker.com/engine/reference/commandline/login/\nruncmd:\n  - sudo apt update\n  - sudo apt upgrade -y\n  - sudo apt install curl unzip -y\n  - curl \"https://awscli.amazonaws.com/awscli-exe-linux-x86_64.zip\" -o \"awscliv2.zip\"\n  - unzip awscliv2.zip\n  - sudo ./aws/install -i /usr/local/aws-cli -b /usr/local/bin\n  - aws configure set aws_access_key_id ${iam_ecr_key}\n  - aws configure set aws_secret_access_key ${iam_ecr_secret}\n  - aws configure set default.region eu-west-2\n  - aws ecr get-login-password --region eu-west-2 | docker login --username AWS --password-stdin ${docker_registry}\n  - docker pull ${docker_image_name}\n  - \u003e-\n    docker run --restart=always \n    -p=80:80 \n    -e \"SWAPS_DB_HOST=${swaps_database_host}\" \n    -e \"SWAPS_DB_DATABASE=${swaps_database_name}\" \n    -e \"SWAPS_DB_USER=${swaps_database_username}\" \n    -e \"SWAPS_DB_PASSWORD=${swaps_database_password}\" \n    -e \"SWAPS_DB_PORT=${swaps_database_port}\" \n    -e \"FOOD_DB_HOST=${food_database_host}\" \n    -e \"FOOD_DB_DATABASE=${food_database_name}\" \n    -e \"FOOD_DB_USER=${food_database_username}\" \n    -e \"FOOD_DB_PASSWORD=${food_database_password}\" \n    -e \"FOOD_DB_PORT=${food_database_port}\" \n    -e \"FOOD_DB_TABLE=${food_database_table}\" \n    -e \"FOOD_BRANDBANK_TABLE_NAME=${food_database_brandbank_table}\" \n    -e \"FOOD_TRAFFIC_LIGHTS_TABLE_NAME=${food_database_traffic_lights_table}\" \n    -e \"ETL_DB_HOST=${etl_database_host}\" \n    -e \"ETL_DB_DATABASE=${etl_database_name}\" \n    -e \"ETL_DB_USER=${etl_database_username}\" \n    -e \"ETL_DB_PASSWORD=${etl_database_password}\" \n    -e \"ETL_DB_PORT=${etl_database_port}\" \n    -e \"ETL_DB_TABLE=${etl_database_table}\" \n    -e \"X_AUTH_TOKEN=${swaps_api_auth_token}\" \n    -e \"X_APP_AUTH_TOKEN=${swaps_api_app_auth_token}\" \n    -e \"AWS_EC2_KEY=${iam_ec2_key}\" \n    -e \"AWS_EC2_SECRET=${iam_ec2_secret}\" \n    -e \"COMPUTE_INSTANCE_ID=${compute_instance_id}\" \n    -e \"EC2_REGION=eu-west-2\" \n    ${docker_image_name}\n",
            "vars": {
              "compute_instance_id": "i-03304adc51d919567",
              "docker_image_name": "422072214762.dkr.ecr.eu-west-2.amazonaws.com/swaps-api-stg:latest",
              "docker_registry": "422072214762.dkr.ecr.eu-west-2.amazonaws.com",
              "etl_database_host": "stggateway.phedigital.co.uk",
              "etl_database_name": "stg_fsmodeldb",
              "etl_database_password": "T7qtNAuecT4DcDHEjHAw28VGNu",
              "etl_database_port": "2001",
              "etl_database_table": "food_consolidated",
              "etl_database_username": "admin",
              "food_database_brandbank_table": "f_food_bb",
              "food_database_host": "stggateway.phedigital.co.uk",
              "food_database_name": "stg_phefs",
              "food_database_password": "T7qtNAuecT4DcDHEjHAw28VGNu",
              "food_database_port": "2001",
              "food_database_table": "f_food",
              "food_database_traffic_lights_table": "f_trafficlights",
              "food_database_username": "admin",
              "iam_ec2_key": "AKIAWERLW4TVOL7ZIRHK",
              "iam_ec2_secret": "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",
              "iam_ecr_key": "AKIAWERLW4TVOL7ZIRHK",
              "iam_ecr_secret": "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",
              "ssh_public_key": "ssh-rsa AAAAB3NzaC1yc2EAAAADAQABAAABgQCo2RT8w6c06htMX//5jibwyOOiFtbuUYQGsoWoM9+5Bvyl2VeuCx++wJtUnQ2KfXwqtD9mfJ/HMBldklyWZNZQcmiuZSJTo1+4TZFuxVZtYbtFDEZfBRe0yFY7GVmUDJb7D+HlC+ZUYPF4O7qk6Qi9jSO9Imxn+6MEUjaQ4yMtSbXjewwem/tJoCMl5Lu5JrbB3Aw5h1uJoEI3Z3Irkpv8wWyX7tlraQJ236o4rq3KCQlqSfayuhPskoJT47yUv+SagIMLya3K/+od/P7anRdAmObzm7ZH+UhPLcXIZDwZtrXm15yyH0MpPG/VYzTx82/z8jXmVbadY627Xx3ipKQp2mgjlIWHCi2Px7NNw8HhOxhPTyxpeiyDtGb6OPxxxeaj68gylOlb3KNZq/GOGuMkecVIXAsaSY9GUiJ4wJuoIyb3Ioi8DP8Lj7cb45e8EqWK9RRyuUZlcWoLHLtG6Ctj854PC7C254PKnS3gdqYncm5NPtEWezNGeQAXW1bAZyk= mehuljamod@PHE-DIG-WS-02.local",
              "swaps_api_app_auth_token": "ej192L2e7eOWE1AiK5sOCMpEqREpHVOFfbsCHxtkSg9yU81dKiVYAD9K7GGt",
              "swaps_api_auth_token": "3dTXZdl67jE0YnFXK3HJgchZztgjSYBRrWibv0ekSPCyEtf7smFRD0hRkbWh",
              "swaps_database_host": "stggateway.phedigital.co.uk",
              "swaps_database_name": "fs_swaps_db",
              "swaps_database_password": "327qvOzzM3lTzuzlb9bNOli1tl7",
              "swaps_database_port": "2003",
              "swaps_database_username": "admin"
            }
          },
          "sensitive_attributes": []
        }
      ]
    },
    {
      "mode": "managed",
      "type": "aws_autoscaling_group",
      "name": "swaps_api_asg",
      "provider": "provider[\"registry.terraform.io/hashicorp/aws\"]",
      "instances": [
        {
          "schema_version": 0,
          "attributes": {
            "arn": "arn:aws:autoscaling:eu-west-2:422072214762:autoScalingGroup:abe2a108-e589-43db-93d1-c4106f377e90:autoScalingGroupName/fs_swaps_asg",
            "availability_zones": [
              "eu-west-2a",
              "eu-west-2b"
            ],
            "capacity_rebalance": false,
            "default_cooldown": 300,
            "desired_capacity": 2,
            "enabled_metrics": [],
            "force_delete": false,
            "health_check_grace_period": 300,
            "health_check_type": "ELB",
            "id": "fs_swaps_asg",
            "initial_lifecycle_hook": [],
            "instance_refresh": [],
            "launch_configuration": "terraform-20210408172258953300000001",
            "launch_template": [],
            "load_balancers": [],
            "max_instance_lifetime": 0,
            "max_size": 10,
            "metrics_granularity": "1Minute",
            "min_elb_capacity": null,
            "min_size": 2,
            "mixed_instances_policy": [],
            "name": "fs_swaps_asg",
            "name_prefix": null,
            "placement_group": "",
            "protect_from_scale_in": false,
            "service_linked_role_arn": "arn:aws:iam::422072214762:role/aws-service-role/autoscaling.amazonaws.com/AWSServiceRoleForAutoScaling",
            "suspended_processes": [],
            "tag": [
              {
                "key": "Name",
                "propagate_at_launch": true,
                "value": "swaps-api-asg"
              }
            ],
            "tags": null,
            "target_group_arns": [
              "arn:aws:elasticloadbalancing:eu-west-2:422072214762:targetgroup/swaps-api-asg/ee80797003853778"
            ],
            "termination_policies": [],
            "timeouts": null,
            "vpc_zone_identifier": [
              "subnet-0b91c9993d40c17a0",
              "subnet-0c70cf70402b7cee4"
            ],
            "wait_for_capacity_timeout": "10m",
            "wait_for_elb_capacity": null
          },
          "sensitive_attributes": [],
          "private": "eyJlMmJmYjczMC1lY2FhLTExZTYtOGY4OC0zNDM2M2JjN2M0YzAiOnsiZGVsZXRlIjo2MDAwMDAwMDAwMDB9fQ==",
          "dependencies": [
            "aws_instance.swaps_compute_engine",
            "aws_launch_configuration.swaps_api",
            "aws_lb_target_group.asg",
            "aws_security_group.instance",
            "aws_security_group.swaps_compute_engine",
            "data.aws_subnet_ids.public",
            "data.template_file.compute_instance_user_data",
            "data.template_file.user_data"
          ]
        }
      ]
    },
    {
      "mode": "managed",
      "type": "aws_instance",
      "name": "swaps_compute_engine",
      "provider": "provider[\"registry.terraform.io/hashicorp/aws\"]",
      "instances": [
        {
          "schema_version": 1,
          "attributes": {
            "ami": "ami-05c424d59413a2876",
            "arn": "arn:aws:ec2:eu-west-2:422072214762:instance/i-03304adc51d919567",
            "associate_public_ip_address": true,
            "availability_zone": "eu-west-2b",
            "cpu_core_count": 48,
            "cpu_threads_per_core": 2,
            "credit_specification": [],
            "disable_api_termination": false,
            "ebs_block_device": [],
            "ebs_optimized": false,
            "enclave_options": [
              {
                "enabled": false
              }
            ],
            "ephemeral_block_device": [],
            "get_password_data": false,
            "hibernation": false,
            "host_id": null,
            "iam_instance_profile": "",
            "id": "i-03304adc51d919567",
            "instance_initiated_shutdown_behavior": null,
            "instance_state": "running",
            "instance_type": "c5.24xlarge",
            "ipv6_address_count": 0,
            "ipv6_addresses": [],
            "key_name": "",
            "metadata_options": [
              {
                "http_endpoint": "enabled",
                "http_put_response_hop_limit": 1,
                "http_tokens": "optional"
              }
            ],
            "monitoring": false,
            "network_interface": [],
            "outpost_arn": "",
            "password_data": "",
            "placement_group": "",
            "primary_network_interface_id": "eni-0c021bc2bab1ddb16",
            "private_dns": "ip-180-10-26-229.eu-west-2.compute.internal",
            "private_ip": "180.10.26.229",
            "public_dns": "ec2-18-168-154-191.eu-west-2.compute.amazonaws.com",
            "public_ip": "18.168.154.191",
            "root_block_device": [
              {
                "delete_on_termination": true,
                "device_name": "/dev/sda1",
                "encrypted": false,
                "iops": 100,
                "kms_key_id": "",
                "tags": null,
                "throughput": 0,
                "volume_id": "vol-0ec23496532752163",
                "volume_size": 25,
                "volume_type": "gp2"
              }
            ],
            "secondary_private_ips": [],
            "security_groups": [],
            "source_dest_check": true,
            "subnet_id": "subnet-0b91c9993d40c17a0",
            "tags": {
              "Creator": "Terraform",
              "Environment": "stg",
              "Name": "swaps-cache-calculator",
              "Project": "Food Scanner"
            },
            "tenancy": "default",
            "timeouts": null,
            "user_data": "77ef3d2f2058adecd83d81018d4a0a13668262e7",
            "user_data_base64": null,
            "volume_tags": null,
            "vpc_security_group_ids": [
              "sg-0be9acf44b08b7b3c"
            ]
          },
          "sensitive_attributes": [],
          "private": "eyJlMmJmYjczMC1lY2FhLTExZTYtOGY4OC0zNDM2M2JjN2M0YzAiOnsiY3JlYXRlIjo2MDAwMDAwMDAwMDAsImRlbGV0ZSI6MTIwMDAwMDAwMDAwMCwidXBkYXRlIjo2MDAwMDAwMDAwMDB9LCJzY2hlbWFfdmVyc2lvbiI6IjEifQ==",
          "dependencies": [
            "aws_security_group.swaps_compute_engine",
            "data.aws_subnet_ids.public",
            "data.template_file.compute_instance_user_data"
          ],
          "create_before_destroy": true
        }
      ]
    },
    {
      "mode": "managed",
      "type": "aws_launch_configuration",
      "name": "swaps_api",
      "provider": "provider[\"registry.terraform.io/hashicorp/aws\"]",
      "instances": [
        {
          "schema_version": 0,
          "attributes": {
            "arn": "arn:aws:autoscaling:eu-west-2:422072214762:launchConfiguration:6bb87ad6-485f-4278-935c-9dac44931ed2:launchConfigurationName/terraform-20210408172258953300000001",
            "associate_public_ip_address": true,
            "ebs_block_device": [],
            "ebs_optimized": false,
            "enable_monitoring": true,
            "ephemeral_block_device": [],
            "iam_instance_profile": "",
            "id": "terraform-20210408172258953300000001",
            "image_id": "ami-05c424d59413a2876",
            "instance_type": "t3a.micro",
            "key_name": "",
            "metadata_options": [],
            "name": "terraform-20210408172258953300000001",
            "name_prefix": null,
            "placement_tenancy": null,
            "root_block_device": [],
            "security_groups": [
              "sg-06fbefd856490fc85"
            ],
            "spot_price": "",
            "user_data": "9aa28b5fcffe32b9bc8273591af321a5b4eef416",
            "user_data_base64": null,
            "vpc_classic_link_id": "",
            "vpc_classic_link_security_groups": null
          },
          "sensitive_attributes": [],
          "private": "bnVsbA==",
          "dependencies": [
            "aws_instance.swaps_compute_engine",
            "aws_security_group.instance",
            "aws_security_group.swaps_compute_engine",
            "data.aws_subnet_ids.public",
            "data.template_file.compute_instance_user_data",
            "data.template_file.user_data"
          ],
          "create_before_destroy": true
        }
      ]
    },
    {
      "mode": "managed",
      "type": "aws_lb",
      "name": "swaps_api_alb",
      "provider": "provider[\"registry.terraform.io/hashicorp/aws\"]",
      "instances": [
        {
          "schema_version": 0,
          "attributes": {
            "access_logs": [
              {
                "bucket": "",
                "enabled": false,
                "prefix": ""
              }
            ],
            "arn": "arn:aws:elasticloadbalancing:eu-west-2:422072214762:loadbalancer/app/swaps-api-load-balancer/8865b49586954cb8",
            "arn_suffix": "app/swaps-api-load-balancer/8865b49586954cb8",
            "customer_owned_ipv4_pool": "",
            "dns_name": "swaps-api-load-balancer-1281386600.eu-west-2.elb.amazonaws.com",
            "drop_invalid_header_fields": false,
            "enable_cross_zone_load_balancing": null,
            "enable_deletion_protection": false,
            "enable_http2": true,
            "id": "arn:aws:elasticloadbalancing:eu-west-2:422072214762:loadbalancer/app/swaps-api-load-balancer/8865b49586954cb8",
            "idle_timeout": 60,
            "internal": false,
            "ip_address_type": "ipv4",
            "load_balancer_type": "application",
            "name": "swaps-api-load-balancer",
            "name_prefix": null,
            "security_groups": [
              "sg-0ff7a061a5dae4394"
            ],
            "subnet_mapping": [
              {
                "allocation_id": "",
                "outpost_id": "",
                "private_ipv4_address": "",
                "subnet_id": "subnet-0b91c9993d40c17a0"
              },
              {
                "allocation_id": "",
                "outpost_id": "",
                "private_ipv4_address": "",
                "subnet_id": "subnet-0c70cf70402b7cee4"
              }
            ],
            "subnets": [
              "subnet-0b91c9993d40c17a0",
              "subnet-0c70cf70402b7cee4"
            ],
            "tags": {
              "Creator": "Terraform",
              "Environment": "stg",
              "Project": "Food Scanner"
            },
            "timeouts": null,
            "vpc_id": "vpc-09d43583fe08a3835",
            "zone_id": "ZHURV8PSTC4K8"
          },
          "sensitive_attributes": [],
          "private": "eyJlMmJmYjczMC1lY2FhLTExZTYtOGY4OC0zNDM2M2JjN2M0YzAiOnsiY3JlYXRlIjo2MDAwMDAwMDAwMDAsImRlbGV0ZSI6NjAwMDAwMDAwMDAwLCJ1cGRhdGUiOjYwMDAwMDAwMDAwMH19",
          "dependencies": [
            "aws_security_group.alb",
            "data.aws_subnet_ids.public",
            "data.aws_vpc.swaps_api_vpc"
          ]
        }
      ]
    },
    {
      "mode": "managed",
      "type": "aws_lb_listener",
      "name": "http",
      "provider": "provider[\"registry.terraform.io/hashicorp/aws\"]",
      "instances": [
        {
          "schema_version": 0,
          "attributes": {
            "arn": "arn:aws:elasticloadbalancing:eu-west-2:422072214762:listener/app/swaps-api-load-balancer/8865b49586954cb8/789a3e43c49bde65",
            "certificate_arn": null,
            "default_action": [
              {
                "authenticate_cognito": [],
                "authenticate_oidc": [],
                "fixed_response": [],
                "forward": [],
                "order": 1,
                "redirect": [
                  {
                    "host": "#{host}",
                    "path": "/#{path}",
                    "port": "443",
                    "protocol": "HTTPS",
                    "query": "#{query}",
                    "status_code": "HTTP_301"
                  }
                ],
                "target_group_arn": "",
                "type": "redirect"
              }
            ],
            "id": "arn:aws:elasticloadbalancing:eu-west-2:422072214762:listener/app/swaps-api-load-balancer/8865b49586954cb8/789a3e43c49bde65",
            "load_balancer_arn": "arn:aws:elasticloadbalancing:eu-west-2:422072214762:loadbalancer/app/swaps-api-load-balancer/8865b49586954cb8",
            "port": 80,
            "protocol": "HTTP",
            "ssl_policy": "",
            "timeouts": null
          },
          "sensitive_attributes": [],
          "private": "eyJlMmJmYjczMC1lY2FhLTExZTYtOGY4OC0zNDM2M2JjN2M0YzAiOnsicmVhZCI6NjAwMDAwMDAwMDAwfX0=",
          "dependencies": [
            "aws_lb.swaps_api_alb",
            "aws_security_group.alb",
            "data.aws_subnet_ids.public",
            "data.aws_vpc.swaps_api_vpc"
          ]
        }
      ]
    },
    {
      "mode": "managed",
      "type": "aws_lb_listener",
      "name": "https",
      "provider": "provider[\"registry.terraform.io/hashicorp/aws\"]",
      "instances": [
        {
          "schema_version": 0,
          "attributes": {
            "arn": "arn:aws:elasticloadbalancing:eu-west-2:422072214762:listener/app/swaps-api-load-balancer/8865b49586954cb8/6d0b68ad53015af4",
            "certificate_arn": "arn:aws:acm:eu-west-2:422072214762:certificate/6221f34c-adbe-4665-97de-ae0c297fbf01",
            "default_action": [
              {
                "authenticate_cognito": [],
                "authenticate_oidc": [],
                "fixed_response": [],
                "forward": [],
                "order": 1,
                "redirect": [],
                "target_group_arn": "arn:aws:elasticloadbalancing:eu-west-2:422072214762:targetgroup/swaps-api-asg/ee80797003853778",
                "type": "forward"
              }
            ],
            "id": "arn:aws:elasticloadbalancing:eu-west-2:422072214762:listener/app/swaps-api-load-balancer/8865b49586954cb8/6d0b68ad53015af4",
            "load_balancer_arn": "arn:aws:elasticloadbalancing:eu-west-2:422072214762:loadbalancer/app/swaps-api-load-balancer/8865b49586954cb8",
            "port": 443,
            "protocol": "HTTPS",
            "ssl_policy": "ELBSecurityPolicy-2016-08",
            "timeouts": null
          },
          "sensitive_attributes": [],
          "private": "eyJlMmJmYjczMC1lY2FhLTExZTYtOGY4OC0zNDM2M2JjN2M0YzAiOnsicmVhZCI6NjAwMDAwMDAwMDAwfX0=",
          "dependencies": [
            "aws_lb.swaps_api_alb",
            "aws_lb_target_group.asg",
            "aws_security_group.alb",
            "data.aws_subnet_ids.public",
            "data.aws_vpc.swaps_api_vpc"
          ]
        }
      ]
    },
    {
      "mode": "managed",
      "type": "aws_lb_target_group",
      "name": "asg",
      "provider": "provider[\"registry.terraform.io/hashicorp/aws\"]",
      "instances": [
        {
          "schema_version": 0,
          "attributes": {
            "arn": "arn:aws:elasticloadbalancing:eu-west-2:422072214762:targetgroup/swaps-api-asg/ee80797003853778",
            "arn_suffix": "targetgroup/swaps-api-asg/ee80797003853778",
            "deregistration_delay": 300,
            "health_check": [
              {
                "enabled": true,
                "healthy_threshold": 2,
                "interval": 15,
                "matcher": "200",
                "path": "/api/ping",
                "port": "traffic-port",
                "protocol": "HTTP",
                "timeout": 3,
                "unhealthy_threshold": 2
              }
            ],
            "id": "arn:aws:elasticloadbalancing:eu-west-2:422072214762:targetgroup/swaps-api-asg/ee80797003853778",
            "lambda_multi_value_headers_enabled": false,
            "load_balancing_algorithm_type": "round_robin",
            "name": "swaps-api-asg",
            "name_prefix": null,
            "port": 80,
            "protocol": "HTTP",
            "proxy_protocol_v2": false,
            "slow_start": 0,
            "stickiness": [
              {
                "cookie_duration": 86400,
                "enabled": false,
                "type": "lb_cookie"
              }
            ],
            "tags": {},
            "target_type": "instance",
            "vpc_id": "vpc-09d43583fe08a3835"
          },
          "sensitive_attributes": [],
          "private": "bnVsbA==",
          "dependencies": [
            "data.aws_vpc.swaps_api_vpc"
          ]
        }
      ]
    },
    {
      "mode": "managed",
      "type": "aws_security_group",
      "name": "alb",
      "provider": "provider[\"registry.terraform.io/hashicorp/aws\"]",
      "instances": [
        {
          "schema_version": 1,
          "attributes": {
            "arn": "arn:aws:ec2:eu-west-2:422072214762:security-group/sg-0ff7a061a5dae4394",
            "description": "Managed by Terraform",
            "egress": [
              {
                "cidr_blocks": [
                  "0.0.0.0/0"
                ],
                "description": "",
                "from_port": 0,
                "ipv6_cidr_blocks": [],
                "prefix_list_ids": [],
                "protocol": "-1",
                "security_groups": [],
                "self": false,
                "to_port": 0
              }
            ],
            "id": "sg-0ff7a061a5dae4394",
            "ingress": [
              {
                "cidr_blocks": [
                  "0.0.0.0/0"
                ],
                "description": "",
                "from_port": 443,
                "ipv6_cidr_blocks": [],
                "prefix_list_ids": [],
                "protocol": "tcp",
                "security_groups": [],
                "self": false,
                "to_port": 443
              },
              {
                "cidr_blocks": [
                  "0.0.0.0/0"
                ],
                "description": "",
                "from_port": 80,
                "ipv6_cidr_blocks": [],
                "prefix_list_ids": [],
                "protocol": "tcp",
                "security_groups": [],
                "self": false,
                "to_port": 80
              }
            ],
            "name": "swaps-api-alb",
            "name_prefix": "",
            "owner_id": "422072214762",
            "revoke_rules_on_delete": false,
            "tags": {
              "Creator": "Terraform",
              "Environment": "stg",
              "Project": "Food Scanner"
            },
            "timeouts": null,
            "vpc_id": "vpc-09d43583fe08a3835"
          },
          "sensitive_attributes": [],
          "private": "eyJlMmJmYjczMC1lY2FhLTExZTYtOGY4OC0zNDM2M2JjN2M0YzAiOnsiY3JlYXRlIjo2MDAwMDAwMDAwMDAsImRlbGV0ZSI6NjAwMDAwMDAwMDAwfSwic2NoZW1hX3ZlcnNpb24iOiIxIn0=",
          "dependencies": [
            "data.aws_vpc.swaps_api_vpc"
          ]
        }
      ]
    },
    {
      "mode": "managed",
      "type": "aws_security_group",
      "name": "instance",
      "provider": "provider[\"registry.terraform.io/hashicorp/aws\"]",
      "instances": [
        {
          "schema_version": 1,
          "attributes": {
            "arn": "arn:aws:ec2:eu-west-2:422072214762:security-group/sg-06fbefd856490fc85",
            "description": "Managed by Terraform",
            "egress": [
              {
                "cidr_blocks": [
                  "0.0.0.0/0"
                ],
                "description": "",
                "from_port": 0,
                "ipv6_cidr_blocks": [],
                "prefix_list_ids": [],
                "protocol": "-1",
                "security_groups": [],
                "self": false,
                "to_port": 0
              }
            ],
            "id": "sg-06fbefd856490fc85",
            "ingress": [
              {
                "cidr_blocks": [
                  "0.0.0.0/0"
                ],
                "description": "",
                "from_port": 443,
                "ipv6_cidr_blocks": [],
                "prefix_list_ids": [],
                "protocol": "tcp",
                "security_groups": [],
                "self": false,
                "to_port": 443
              },
              {
                "cidr_blocks": [
                  "0.0.0.0/0"
                ],
                "description": "",
                "from_port": 80,
                "ipv6_cidr_blocks": [],
                "prefix_list_ids": [],
                "protocol": "tcp",
                "security_groups": [],
                "self": false,
                "to_port": 80
              }
            ],
            "name": "swaps-api",
            "name_prefix": "",
            "owner_id": "422072214762",
            "revoke_rules_on_delete": false,
            "tags": {
              "Creator": "Terraform",
              "Environment": "stg",
              "Project": "Food Scanner"
            },
            "timeouts": null,
            "vpc_id": "vpc-09d43583fe08a3835"
          },
          "sensitive_attributes": [],
          "private": "eyJlMmJmYjczMC1lY2FhLTExZTYtOGY4OC0zNDM2M2JjN2M0YzAiOnsiY3JlYXRlIjo2MDAwMDAwMDAwMDAsImRlbGV0ZSI6NjAwMDAwMDAwMDAwfSwic2NoZW1hX3ZlcnNpb24iOiIxIn0=",
          "dependencies": [
            "data.aws_vpc.swaps_api_vpc"
          ],
          "create_before_destroy": true
        }
      ]
    },
    {
      "mode": "managed",
      "type": "aws_security_group",
      "name": "swaps_compute_engine",
      "provider": "provider[\"registry.terraform.io/hashicorp/aws\"]",
      "instances": [
        {
          "schema_version": 1,
          "attributes": {
            "arn": "arn:aws:ec2:eu-west-2:422072214762:security-group/sg-0be9acf44b08b7b3c",
            "description": "Managed by Terraform",
            "egress": [
              {
                "cidr_blocks": [
                  "0.0.0.0/0"
                ],
                "description": "",
                "from_port": 0,
                "ipv6_cidr_blocks": [],
                "prefix_list_ids": [],
                "protocol": "-1",
                "security_groups": [],
                "self": false,
                "to_port": 0
              }
            ],
            "id": "sg-0be9acf44b08b7b3c",
            "ingress": [
              {
                "cidr_blocks": [
                  "180.10.0.0/16"
                ],
                "description": "",
                "from_port": 22,
                "ipv6_cidr_blocks": [],
                "prefix_list_ids": [],
                "protocol": "tcp",
                "security_groups": [],
                "self": false,
                "to_port": 22
              }
            ],
            "name": "swaps-cache-calculator",
            "name_prefix": "",
            "owner_id": "422072214762",
            "revoke_rules_on_delete": false,
            "tags": {
              "Creator": "Terraform",
              "Environment": "stg",
              "Project": "Food Scanner"
            },
            "timeouts": null,
            "vpc_id": "vpc-09d43583fe08a3835"
          },
          "sensitive_attributes": [],
          "private": "eyJlMmJmYjczMC1lY2FhLTExZTYtOGY4OC0zNDM2M2JjN2M0YzAiOnsiY3JlYXRlIjo2MDAwMDAwMDAwMDAsImRlbGV0ZSI6NjAwMDAwMDAwMDAwfSwic2NoZW1hX3ZlcnNpb24iOiIxIn0=",
          "dependencies": [
            "data.aws_vpc.swaps_api_vpc"
          ],
          "create_before_destroy": true
        }
      ]
    }
  ]
}
